
Microsoft Visual Studio Solution File, Format Version 12.00
# Visual Studio Version 16
VisualStudioVersion = 16.0.31105.61
MinimumVisualStudioVersion = 10.0.40219.1
Project("{FAE04EC0-301F-11D3-BF4B-00C04F79EFBC}") = "Countries", "Countries\Countries.csproj", "{E0897A63-FF1E-4EAE-9367-7FE414ED89BD}"
EndProject
Global
	GlobalSection(SolutionConfigurationPlatforms) = preSolution
		Debug|Any CPU = Debug|Any CPU
		Release|Any CPU = Release|Any CPU
	EndGlobalSection
	GlobalSection(ProjectConfigurationPlatforms) = postSolution
		{E0897A63-FF1E-4EAE-9367-7FE414ED89BD}.Debug|Any CPU.ActiveCfg = Debug|Any CPU
		{E0897A63-FF1E-4EAE-9367-7FE414ED89BD}.Debug|Any CPU.Build.0 = Debug|Any CPU
		{E0897A63-FF1E-4EAE-9367-7FE414ED89BD}.Release|Any CPU.ActiveCfg = Release|Any CPU
		{E0897A63-FF1E-4EAE-9367-7FE414ED89BD}.Release|Any CPU.Build.0 = Release|Any CPU
	EndGlobalSection
	GlobalSection(SolutionProperties) = preSolution
		HideSolutionNode = FALSE
	EndGlobalSection
	GlobalSection(ExtensibilityGlobals) = postSolution
		SolutionGuid = {6D9AA8E6-ABD6-407C-AE6E-9979064BE9DC}
	EndGlobalSection
EndGlobal
